// !$*UTF8*$!
{
	archiveVersion = 1;
	classes = {
	};
	objectVersion = 46;
	objects = {

/* Begin PBXBuildFile section */
		21206CDA1E43415E00C5B25B /* RSSImageCache.swift in Sources */ = {isa = PBXBuildFile; fileRef = 21206CD91E43415E00C5B25B /* RSSImageCache.swift */; };
		848B89801E3F995E007F66AF /* Date+Additions.swift in Sources */ = {isa = PBXBuildFile; fileRef = 848B897F1E3F995E007F66AF /* Date+Additions.swift */; };
		848B89861E3FA495007F66AF /* FeedViewController.swift in Sources */ = {isa = PBXBuildFile; fileRef = 848B89841E3FA495007F66AF /* FeedViewController.swift */; };
		848B89871E3FA495007F66AF /* RootViewController.swift in Sources */ = {isa = PBXBuildFile; fileRef = 848B89851E3FA495007F66AF /* RootViewController.swift */; };
		848B898A1E40D159007F66AF /* FeedCell.swift in Sources */ = {isa = PBXBuildFile; fileRef = 848B89891E40D159007F66AF /* FeedCell.swift */; };
		848B898E1E40E0E4007F66AF /* UIImageView+URL.swift in Sources */ = {isa = PBXBuildFile; fileRef = 848B898D1E40E0E4007F66AF /* UIImageView+URL.swift */; };
		848B89901E41DF28007F66AF /* String+Additions.swift in Sources */ = {isa = PBXBuildFile; fileRef = 848B898F1E41DF28007F66AF /* String+Additions.swift */; };
		84A6169D1E3F81E900526775 /* AppDelegate.swift in Sources */ = {isa = PBXBuildFile; fileRef = 84A6169C1E3F81E900526775 /* AppDelegate.swift */; };
		84A616A41E3F81E900526775 /* Main.storyboard in Resources */ = {isa = PBXBuildFile; fileRef = 84A616A21E3F81E900526775 /* Main.storyboard */; };
		84A616A61E3F81E900526775 /* Assets.xcassets in Resources */ = {isa = PBXBuildFile; fileRef = 84A616A51E3F81E900526775 /* Assets.xcassets */; };
		84A616A91E3F81E900526775 /* LaunchScreen.storyboard in Resources */ = {isa = PBXBuildFile; fileRef = 84A616A71E3F81E900526775 /* LaunchScreen.storyboard */; };
		84A616B81E3F835F00526775 /* RSSDataManager.swift in Sources */ = {isa = PBXBuildFile; fileRef = 84A616B11E3F835F00526775 /* RSSDataManager.swift */; };
		84A616B91E3F835F00526775 /* RSSFeedItem.swift in Sources */ = {isa = PBXBuildFile; fileRef = 84A616B31E3F835F00526775 /* RSSFeedItem.swift */; };
		84A616BA1E3F835F00526775 /* RSSParser.swift in Sources */ = {isa = PBXBuildFile; fileRef = 84A616B51E3F835F00526775 /* RSSParser.swift */; };
		84A616BB1E3F835F00526775 /* RSSHttpClient.swift in Sources */ = {isa = PBXBuildFile; fileRef = 84A616B71E3F835F00526775 /* RSSHttpClient.swift */; };
/* End PBXBuildFile section */

/* Begin PBXFileReference section */
		21206CD91E43415E00C5B25B /* RSSImageCache.swift */ = {isa = PBXFileReference; fileEncoding = 4; lastKnownFileType = sourcecode.swift; name = RSSImageCache.swift; path = rssreader/Model/RSSImageCache.swift; sourceTree = SOURCE_ROOT; };
		848B897F1E3F995E007F66AF /* Date+Additions.swift */ = {isa = PBXFileReference; fileEncoding = 4; lastKnownFileType = sourcecode.swift; path = "Date+Additions.swift"; sourceTree = "<group>"; };
		848B89841E3FA495007F66AF /* FeedViewController.swift */ = {isa = PBXFileReference; fileEncoding = 4; lastKnownFileType = sourcecode.swift; lineEnding = 0; path = FeedViewController.swift; sourceTree = "<group>"; xcLanguageSpecificationIdentifier = xcode.lang.swift; };
		848B89851E3FA495007F66AF /* RootViewController.swift */ = {isa = PBXFileReference; fileEncoding = 4; lastKnownFileType = sourcecode.swift; path = RootViewController.swift; sourceTree = "<group>"; };
		848B89891E40D159007F66AF /* FeedCell.swift */ = {isa = PBXFileReference; fileEncoding = 4; lastKnownFileType = sourcecode.swift; path = FeedCell.swift; sourceTree = "<group>"; };
		848B898D1E40E0E4007F66AF /* UIImageView+URL.swift */ = {isa = PBXFileReference; fileEncoding = 4; lastKnownFileType = sourcecode.swift; path = "UIImageView+URL.swift"; sourceTree = "<group>"; };
		848B898F1E41DF28007F66AF /* String+Additions.swift */ = {isa = PBXFileReference; fileEncoding = 4; lastKnownFileType = sourcecode.swift; path = "String+Additions.swift"; sourceTree = "<group>"; };
		84A616991E3F81E900526775 /* RSSReader.app */ = {isa = PBXFileReference; explicitFileType = wrapper.application; includeInIndex = 0; path = RSSReader.app; sourceTree = BUILT_PRODUCTS_DIR; };
		84A6169C1E3F81E900526775 /* AppDelegate.swift */ = {isa = PBXFileReference; lastKnownFileType = sourcecode.swift; path = AppDelegate.swift; sourceTree = "<group>"; };
		84A616A31E3F81E900526775 /* Base */ = {isa = PBXFileReference; lastKnownFileType = file.storyboard; name = Base; path = Base.lproj/Main.storyboard; sourceTree = "<group>"; };
		84A616A51E3F81E900526775 /* Assets.xcassets */ = {isa = PBXFileReference; lastKnownFileType = folder.assetcatalog; path = Assets.xcassets; sourceTree = "<group>"; };
		84A616A81E3F81E900526775 /* Base */ = {isa = PBXFileReference; lastKnownFileType = file.storyboard; name = Base; path = Base.lproj/LaunchScreen.storyboard; sourceTree = "<group>"; };
		84A616AA1E3F81E900526775 /* Info.plist */ = {isa = PBXFileReference; lastKnownFileType = text.plist.xml; path = Info.plist; sourceTree = "<group>"; };
		84A616B11E3F835F00526775 /* RSSDataManager.swift */ = {isa = PBXFileReference; fileEncoding = 4; lastKnownFileType = sourcecode.swift; lineEnding = 0; path = RSSDataManager.swift; sourceTree = "<group>"; xcLanguageSpecificationIdentifier = xcode.lang.swift; };
		84A616B31E3F835F00526775 /* RSSFeedItem.swift */ = {isa = PBXFileReference; fileEncoding = 4; lastKnownFileType = sourcecode.swift; lineEnding = 0; path = RSSFeedItem.swift; sourceTree = "<group>"; xcLanguageSpecificationIdentifier = xcode.lang.swift; };
		84A616B51E3F835F00526775 /* RSSParser.swift */ = {isa = PBXFileReference; fileEncoding = 4; lastKnownFileType = sourcecode.swift; path = RSSParser.swift; sourceTree = "<group>"; };
		84A616B71E3F835F00526775 /* RSSHttpClient.swift */ = {isa = PBXFileReference; fileEncoding = 4; lastKnownFileType = sourcecode.swift; path = RSSHttpClient.swift; sourceTree = "<group>"; };
/* End PBXFileReference section */

/* Begin PBXFrameworksBuildPhase section */
		84A616961E3F81E900526775 /* Frameworks */ = {
			isa = PBXFrameworksBuildPhase;
			buildActionMask = 2147483647;
			files = (
			);
			runOnlyForDeploymentPostprocessing = 0;
		};
/* End PBXFrameworksBuildPhase section */

/* Begin PBXGroup section */
		848B897E1E3F9945007F66AF /* SwiftExtensions */ = {
			isa = PBXGroup;
			children = (
				848B897F1E3F995E007F66AF /* Date+Additions.swift */,
				848B898D1E40E0E4007F66AF /* UIImageView+URL.swift */,
				848B898F1E41DF28007F66AF /* String+Additions.swift */,
			);
			path = SwiftExtensions;
			sourceTree = "<group>";
		};
		848B89831E3FA495007F66AF /* ViewControllers */ = {
			isa = PBXGroup;
			children = (
				848B89851E3FA495007F66AF /* RootViewController.swift */,
				848B89841E3FA495007F66AF /* FeedViewController.swift */,
				848B89881E40D13E007F66AF /* View */,
			);
			path = ViewControllers;
			sourceTree = "<group>";
		};
		848B89881E40D13E007F66AF /* View */ = {
			isa = PBXGroup;
			children = (
				848B89891E40D159007F66AF /* FeedCell.swift */,
			);
			path = View;
			sourceTree = "<group>";
		};
		84A616901E3F81E900526775 = {
			isa = PBXGroup;
			children = (
				84A6169B1E3F81E900526775 /* RSSReader */,
				84A6169A1E3F81E900526775 /* Products */,
			);
			sourceTree = "<group>";
		};
		84A6169A1E3F81E900526775 /* Products */ = {
			isa = PBXGroup;
			children = (
				84A616991E3F81E900526775 /* RSSReader.app */,
			);
			name = Products;
			sourceTree = "<group>";
		};
		84A6169B1E3F81E900526775 /* RSSReader */ = {
			isa = PBXGroup;
			children = (
				84A6169C1E3F81E900526775 /* AppDelegate.swift */,
				848B89831E3FA495007F66AF /* ViewControllers */,
				84A616B21E3F835F00526775 /* Model */,
				84A616B01E3F835F00526775 /* DataManager */,
				84A616B41E3F835F00526775 /* Parser */,
				84A616B61E3F835F00526775 /* Transport */,
				848B897E1E3F9945007F66AF /* SwiftExtensions */,
				84A616A21E3F81E900526775 /* Main.storyboard */,
				84A616A51E3F81E900526775 /* Assets.xcassets */,
				84A616A71E3F81E900526775 /* LaunchScreen.storyboard */,
				84A616AA1E3F81E900526775 /* Info.plist */,
			);
			path = RSSReader;
			sourceTree = "<group>";
		};
		84A616B01E3F835F00526775 /* DataManager */ = {
			isa = PBXGroup;
			children = (
				84A616B11E3F835F00526775 /* RSSDataManager.swift */,
			);
			path = DataManager;
			sourceTree = "<group>";
		};
		84A616B21E3F835F00526775 /* Model */ = {
			isa = PBXGroup;
			children = (
				21206CD91E43415E00C5B25B /* RSSImageCache.swift */,
				84A616B31E3F835F00526775 /* RSSFeedItem.swift */,
			);
			path = Model;
			sourceTree = "<group>";
		};
		84A616B41E3F835F00526775 /* Parser */ = {
			isa = PBXGroup;
			children = (
				84A616B51E3F835F00526775 /* RSSParser.swift */,
			);
			path = Parser;
			sourceTree = "<group>";
		};
		84A616B61E3F835F00526775 /* Transport */ = {
			isa = PBXGroup;
			children = (
				84A616B71E3F835F00526775 /* RSSHttpClient.swift */,
			);
			path = Transport;
			sourceTree = "<group>";
		};
/* End PBXGroup section */

/* Begin PBXNativeTarget section */
		84A616981E3F81E900526775 /* RSSReader */ = {
			isa = PBXNativeTarget;
			buildConfigurationList = 84A616AD1E3F81E900526775 /* Build configuration list for PBXNativeTarget "RSSReader" */;
			buildPhases = (
				84A616951E3F81E900526775 /* Sources */,
				84A616961E3F81E900526775 /* Frameworks */,
				84A616971E3F81E900526775 /* Resources */,
			);
			buildRules = (
			);
			dependencies = (
			);
			name = RSSReader;
			productName = RSSReader;
			productReference = 84A616991E3F81E900526775 /* RSSReader.app */;
			productType = "com.apple.product-type.application";
		};
/* End PBXNativeTarget section */

/* Begin PBXProject section */
		84A616911E3F81E900526775 /* Project object */ = {
			isa = PBXProject;
			attributes = {
				LastSwiftUpdateCheck = 0820;
				LastUpgradeCheck = 0820;
				ORGANIZATIONNAME = appload;
				TargetAttributes = {
					84A616981E3F81E900526775 = {
						CreatedOnToolsVersion = 8.2.1;
						DevelopmentTeam = 5RPYVV5FDQ;
						ProvisioningStyle = Automatic;
					};
				};
			};
			buildConfigurationList = 84A616941E3F81E900526775 /* Build configuration list for PBXProject "rssreader" */;
			compatibilityVersion = "Xcode 3.2";
			developmentRegion = English;
			hasScannedForEncodings = 0;
			knownRegions = (
				en,
				Base,
			);
			mainGroup = 84A616901E3F81E900526775;
			productRefGroup = 84A6169A1E3F81E900526775 /* Products */;
			projectDirPath = "";
			projectRoot = "";
			targets = (
				84A616981E3F81E900526775 /* RSSReader */,
			);
		};
/* End PBXProject section */

/* Begin PBXResourcesBuildPhase section */
		84A616971E3F81E900526775 /* Resources */ = {
			isa = PBXResourcesBuildPhase;
			buildActionMask = 2147483647;
			files = (
				84A616A91E3F81E900526775 /* LaunchScreen.storyboard in Resources */,
				84A616A61E3F81E900526775 /* Assets.xcassets in Resources */,
				84A616A41E3F81E900526775 /* Main.storyboard in Resources */,
			);
			runOnlyForDeploymentPostprocessing = 0;
		};
/* End PBXResourcesBuildPhase section */

/* Begin PBXSourcesBuildPhase section */
		84A616951E3F81E900526775 /* Sources */ = {
			isa = PBXSourcesBuildPhase;
			buildActionMask = 2147483647;
			files = (
				848B898E1E40E0E4007F66AF /* UIImageView+URL.swift in Sources */,
				21206CDA1E43415E00C5B25B /* RSSImageCache.swift in Sources */,
				84A616B81E3F835F00526775 /* RSSDataManager.swift in Sources */,
				84A616BA1E3F835F00526775 /* RSSParser.swift in Sources */,
				84A6169D1E3F81E900526775 /* AppDelegate.swift in Sources */,
				84A616BB1E3F835F00526775 /* RSSHttpClient.swift in Sources */,
				84A616B91E3F835F00526775 /* RSSFeedItem.swift in Sources */,
				848B89801E3F995E007F66AF /* Date+Additions.swift in Sources */,
				848B89871E3FA495007F66AF /* RootViewController.swift in Sources */,
				848B89861E3FA495007F66AF /* FeedViewController.swift in Sources */,
				848B898A1E40D159007F66AF /* FeedCell.swift in Sources */,
				848B89901E41DF28007F66AF /* String+Additions.swift in Sources */,
			);
			runOnlyForDeploymentPostprocessing = 0;
		};
/* End PBXSourcesBuildPhase section */

/* Begin PBXVariantGroup section */
		84A616A21E3F81E900526775 /* Main.storyboard */ = {
			isa = PBXVariantGroup;
			children = (
				84A616A31E3F81E900526775 /* Base */,
			);
			name = Main.storyboard;
			sourceTree = "<group>";
		};
		84A616A71E3F81E900526775 /* LaunchScreen.storyboard */ = {
			isa = PBXVariantGroup;
			children = (
				84A616A81E3F81E900526775 /* Base */,
			);
			name = LaunchScreen.storyboard;
			sourceTree = "<group>";
		};
/* End PBXVariantGroup section */

/* Begin XCBuildConfiguration section */
		84A616AB1E3F81E900526775 /* Debug */ = {
			isa = XCBuildConfiguration;
			buildSettings = {
				ALWAYS_SEARCH_USER_PATHS = NO;
				CLANG_ANALYZER_NONNULL = YES;
				CLANG_CXX_LANGUAGE_STANDARD = "gnu++0x";
				CLANG_CXX_LIBRARY = "libc++";
				CLANG_ENABLE_MODULES = YES;
				CLANG_ENABLE_OBJC_ARC = YES;
				CLANG_WARN_BOOL_CONVERSION = YES;
				CLANG_WARN_CONSTANT_CONVERSION = YES;
				CLANG_WARN_DIRECT_OBJC_ISA_USAGE = YES_ERROR;
				CLANG_WARN_DOCUMENTATION_COMMENTS = YES;
				CLANG_WARN_EMPTY_BODY = YES;
				CLANG_WARN_ENUM_CONVERSION = YES;
				CLANG_WARN_INFINITE_RECURSION = YES;
				CLANG_WARN_INT_CONVERSION = YES;
				CLANG_WARN_OBJC_ROOT_CLASS = YES_ERROR;
				CLANG_WARN_SUSPICIOUS_MOVE = YES;
				CLANG_WARN_UNREACHABLE_CODE = YES;
				CLANG_WARN__DUPLICATE_METHOD_MATCH = YES;
				"CODE_SIGN_IDENTITY[sdk=iphoneos*]" = "iPhone Developer";
				COPY_PHASE_STRIP = NO;
				DEBUG_INFORMATION_FORMAT = dwarf;
				ENABLE_STRICT_OBJC_MSGSEND = YES;
				ENABLE_TESTABILITY = YES;
				GCC_C_LANGUAGE_STANDARD = gnu99;
				GCC_DYNAMIC_NO_PIC = NO;
				GCC_NO_COMMON_BLOCKS = YES;
				GCC_OPTIMIZATION_LEVEL = 0;
				GCC_PREPROCESSOR_DEFINITIONS = (
					"DEBUG=1",
					"$(inherited)",
				);
				GCC_WARN_64_TO_32_BIT_CONVERSION = YES;
				GCC_WARN_ABOUT_RETURN_TYPE = YES_ERROR;
				GCC_WARN_UNDECLARED_SELECTOR = YES;
				GCC_WARN_UNINITIALIZED_AUTOS = YES_AGGRESSIVE;
				GCC_WARN_UNUSED_FUNCTION = YES;
				GCC_WARN_UNUSED_VARIABLE = YES;
				IPHONEOS_DEPLOYMENT_TARGET = 10.2;
				MTL_ENABLE_DEBUG_INFO = YES;
				ONLY_ACTIVE_ARCH = YES;
				SDKROOT = iphoneos;
				SWIFT_ACTIVE_COMPILATION_CONDITIONS = DEBUG;
				SWIFT_OPTIMIZATION_LEVEL = "-Onone";
				TARGETED_DEVICE_FAMILY = "1,2";
			};
			name = Debug;
		};
		84A616AC1E3F81E900526775 /* Release */ = {
			isa = XCBuildConfiguration;
			buildSettings = {
				ALWAYS_SEARCH_USER_PATHS = NO;
				CLANG_ANALYZER_NONNULL = YES;
				CLANG_CXX_LANGUAGE_STANDARD = "gnu++0x";
				CLANG_CXX_LIBRARY = "libc++";
				CLANG_ENABLE_MODULES = YES;
				CLANG_ENABLE_OBJC_ARC = YES;
				CLANG_WARN_BOOL_CONVERSION = YES;
				CLANG_WARN_CONSTANT_CONVERSION = YES;
				CLANG_WARN_DIRECT_OBJC_ISA_USAGE = YES_ERROR;
				CLANG_WARN_DOCUMENTATION_COMMENTS = YES;
				CLANG_WARN_EMPTY_BODY = YES;
				CLANG_WARN_ENUM_CONVERSION = YES;
				CLANG_WARN_INFINITE_RECURSION = YES;
				CLANG_WARN_INT_CONVERSION = YES;
				CLANG_WARN_OBJC_ROOT_CLASS = YES_ERROR;
				CLANG_WARN_SUSPICIOUS_MOVE = YES;
				CLANG_WARN_UNREACHABLE_CODE = YES;
				CLANG_WARN__DUPLICATE_METHOD_MATCH = YES;
				"CODE_SIGN_IDENTITY[sdk=iphoneos*]" = "iPhone Developer";
				COPY_PHASE_STRIP = NO;
				DEBUG_INFORMATION_FORMAT = "dwarf-with-dsym";
				ENABLE_NS_ASSERTIONS = NO;
				ENABLE_STRICT_OBJC_MSGSEND = YES;
				GCC_C_LANGUAGE_STANDARD = gnu99;
				GCC_NO_COMMON_BLOCKS = YES;
				GCC_WARN_64_TO_32_BIT_CONVERSION = YES;
				GCC_WARN_ABOUT_RETURN_TYPE = YES_ERROR;
				GCC_WARN_UNDECLARED_SELECTOR = YES;
				GCC_WARN_UNINITIALIZED_AUTOS = YES_AGGRESSIVE;
				GCC_WARN_UNUSED_FUNCTION = YES;
				GCC_WARN_UNUSED_VARIABLE = YES;
				IPHONEOS_DEPLOYMENT_TARGET = 10.2;
				MTL_ENABLE_DEBUG_INFO = NO;
				SDKROOT = iphoneos;
				SWIFT_OPTIMIZATION_LEVEL = "-Owholemodule";
				TARGETED_DEVICE_FAMILY = "1,2";
				VALIDATE_PRODUCT = YES;
			};
			name = Release;
		};
		84A616AE1E3F81E900526775 /* Debug */ = {
			isa = XCBuildConfiguration;
			buildSettings = {
				ASSETCATALOG_COMPILER_APPICON_NAME = AppIcon;
				DEVELOPMENT_TEAM = 5RPYVV5FDQ;
				INFOPLIST_FILE = RSSReader/Info.plist;
				LD_RUNPATH_SEARCH_PATHS = "$(inherited) @executable_path/Frameworks";
				PRODUCT_BUNDLE_IDENTIFIER = com.appload.RSSReader.RSSReader;
				PRODUCT_NAME = "$(TARGET_NAME)";
				SWIFT_VERSION = 3.0;
				TARGETED_DEVICE_FAMILY = "1,2";
			};
			name = Debug;
		};
		84A616AF1E3F81E900526775 /* Release */ = {
			isa = XCBuildConfiguration;
			buildSettings = {
				ASSETCATALOG_COMPILER_APPICON_NAME = AppIcon;
				DEVELOPMENT_TEAM = 5RPYVV5FDQ;
				INFOPLIST_FILE = RSSReader/Info.plist;
				LD_RUNPATH_SEARCH_PATHS = "$(inherited) @executable_path/Frameworks";
				PRODUCT_BUNDLE_IDENTIFIER = com.appload.RSSReader.RSSReader;
				PRODUCT_NAME = "$(TARGET_NAME)";
				SWIFT_VERSION = 3.0;
				TARGETED_DEVICE_FAMILY = "1,2";
			};
			name = Release;
		};
/* End XCBuildConfiguration section */

/* Begin XCConfigurationList section */
		84A616941E3F81E900526775 /* Build configuration list for PBXProject "rssreader" */ = {
			isa = XCConfigurationList;
			buildConfigurations = (
				84A616AB1E3F81E900526775 /* Debug */,
				84A616AC1E3F81E900526775 /* Release */,
			);
			defaultConfigurationIsVisible = 0;
			defaultConfigurationName = Release;
		};
		84A616AD1E3F81E900526775 /* Build configuration list for PBXNativeTarget "RSSReader" */ = {
			isa = XCConfigurationList;
			buildConfigurations = (
				84A616AE1E3F81E900526775 /* Debug */,
				84A616AF1E3F81E900526775 /* Release */,
			);
			defaultConfigurationIsVisible = 0;
			defaultConfigurationName = Release;
		};
/* End XCConfigurationList section */
	};
	rootObject = 84A616911E3F81E900526775 /* Project object */;
}
